
Microsoft Visual Studio Solution File, Format Version 12.00
# Visual Studio Version 17
VisualStudioVersion = 17.13.35825.156 d17.13
MinimumVisualStudioVersion = 10.0.40219.1
Project("{FAE04EC0-301F-11D3-BF4B-00C04F79EFBC}") = "ADS_LabW9-BFS_DFS-Adjacency", "ADS_LabW9-BFS_DFS-Adjacency\ADS_LabW9-BFS_DFS-Adjacency.csproj", "{BAD2CF66-0FAE-408D-A8EB-FDADB69B728A}"
EndProject
Global
	GlobalSection(SolutionConfigurationPlatforms) = preSolution
		Debug|Any CPU = Debug|Any CPU
		Release|Any CPU = Release|Any CPU
	EndGlobalSection
	GlobalSection(ProjectConfigurationPlatforms) = postSolution
		{BAD2CF66-0FAE-408D-A8EB-FDADB69B728A}.Debug|Any CPU.ActiveCfg = Debug|Any CPU
		{BAD2CF66-0FAE-408D-A8EB-FDADB69B728A}.Debug|Any CPU.Build.0 = Debug|Any CPU
		{BAD2CF66-0FAE-408D-A8EB-FDADB69B728A}.Release|Any CPU.ActiveCfg = Release|Any CPU
		{BAD2CF66-0FAE-408D-A8EB-FDADB69B728A}.Release|Any CPU.Build.0 = Release|Any CPU
	EndGlobalSection
	GlobalSection(SolutionProperties) = preSolution
		HideSolutionNode = FALSE
	EndGlobalSection
	GlobalSection(ExtensibilityGlobals) = postSolution
		SolutionGuid = {EA77BA7E-5DF9-42A1-8858-AE4E6ADA93CA}
	EndGlobalSection
EndGlobal
